
Microsoft Visual Studio Solution File, Format Version 12.00
# Visual Studio 15
VisualStudioVersion = 15.0.28010.2019
MinimumVisualStudioVersion = 10.0.40219.1
Project("{FAE04EC0-301F-11D3-BF4B-00C04F79EFBC}") = "Assign1", "Assign1\Assign1.csproj", "{68DB2626-7548-4DFB-8449-E86AD37D1C31}"
EndProject
Global
	GlobalSection(SolutionConfigurationPlatforms) = preSolution
		Debug|Any CPU = Debug|Any CPU
		Release|Any CPU = Release|Any CPU
	EndGlobalSection
	GlobalSection(ProjectConfigurationPlatforms) = postSolution
		{68DB2626-7548-4DFB-8449-E86AD37D1C31}.Debug|Any CPU.ActiveCfg = Debug|Any CPU
		{68DB2626-7548-4DFB-8449-E86AD37D1C31}.Debug|Any CPU.Build.0 = Debug|Any CPU
		{68DB2626-7548-4DFB-8449-E86AD37D1C31}.Release|Any CPU.ActiveCfg = Release|Any CPU
		{68DB2626-7548-4DFB-8449-E86AD37D1C31}.Release|Any CPU.Build.0 = Release|Any CPU
	EndGlobalSection
	GlobalSection(SolutionProperties) = preSolution
		HideSolutionNode = FALSE
	EndGlobalSection
	GlobalSection(ExtensibilityGlobals) = postSolution
		SolutionGuid = {4780ECAC-7237-423C-A8CE-DB4BA1D892EC}
	EndGlobalSection
EndGlobal
